<Solution>
  <Folder Name="/src/" />
  <Folder Name="/src/API/">
    <Project Path="src/API/AI.ScreenshotOrganizer.API.csproj" />
  </Folder>
  <Folder Name="/src/Application/">
    <Project Path="src/Application/AI.ScreenshotOrganizer.Application.csproj" />
  </Folder>
  <Folder Name="/src/Domain/">
    <Project Path="src/Domain/AI.ScreenshotOrganizer.Domain.csproj" />
  </Folder>
  <Folder Name="/src/Infrastructure/">
    <Project Path="src/Infrastructure/AI.ScreenshotOrganizer.Infrastructure.csproj" />
  </Folder>
  <Folder Name="/src/Persistence/">
    <Project Path="src/Persistence/AI.ScreenshotOrganizer.Persistence.csproj" />
  </Folder>
  <Folder Name="/src/Shared/">
    <Project Path="src/Shared/AI.ScreenshotOrganizer.Shared.csproj" />
  </Folder>
  <Folder Name="/tests/" />
  <Folder Name="/tests/IntegrationTests/">
    <Project Path="tests/IntegrationTests/AI.ScreenshotOrganizer.IntegrationTests.csproj" />
  </Folder>
  <Folder Name="/tests/UnitTests/">
    <Project Path="tests/UnitTests/AI.ScreenshotOrganizer.UnitTests.csproj" />
  </Folder>
</Solution>
